
Microsoft Visual Studio Solution File, Format Version 12.00
# Visual Studio 15
VisualStudioVersion = 15.0.26124.0
MinimumVisualStudioVersion = 15.0.26124.0
Project("{FAE04EC0-301F-11D3-BF4B-00C04F79EFBC}") = "dotnet-core-react-app", "dotnet-core-react-app\dotnet-core-react-app.csproj", "{503D4E5C-F6EB-4AE1-A7C7-DB7C739F6E81}"
EndProject
Project("{FAE04EC0-301F-11D3-BF4B-00C04F79EFBC}") = "dotnet-core-react-webapi", "dotnet-core-react-webapi\dotnet-core-react-webapi.csproj", "{EFCBC103-5A40-4218-B58B-6D8E692695F9}"
EndProject
Global
	GlobalSection(SolutionConfigurationPlatforms) = preSolution
		Debug|Any CPU = Debug|Any CPU
		Debug|x64 = Debug|x64
		Debug|x86 = Debug|x86
		Release|Any CPU = Release|Any CPU
		Release|x64 = Release|x64
		Release|x86 = Release|x86
	EndGlobalSection
	GlobalSection(SolutionProperties) = preSolution
		HideSolutionNode = FALSE
	EndGlobalSection
	GlobalSection(ProjectConfigurationPlatforms) = postSolution
		{503D4E5C-F6EB-4AE1-A7C7-DB7C739F6E81}.Debug|Any CPU.ActiveCfg = Debug|Any CPU
		{503D4E5C-F6EB-4AE1-A7C7-DB7C739F6E81}.Debug|Any CPU.Build.0 = Debug|Any CPU
		{503D4E5C-F6EB-4AE1-A7C7-DB7C739F6E81}.Debug|x64.ActiveCfg = Debug|Any CPU
		{503D4E5C-F6EB-4AE1-A7C7-DB7C739F6E81}.Debug|x64.Build.0 = Debug|Any CPU
		{503D4E5C-F6EB-4AE1-A7C7-DB7C739F6E81}.Debug|x86.ActiveCfg = Debug|Any CPU
		{503D4E5C-F6EB-4AE1-A7C7-DB7C739F6E81}.Debug|x86.Build.0 = Debug|Any CPU
		{503D4E5C-F6EB-4AE1-A7C7-DB7C739F6E81}.Release|Any CPU.ActiveCfg = Release|Any CPU
		{503D4E5C-F6EB-4AE1-A7C7-DB7C739F6E81}.Release|Any CPU.Build.0 = Release|Any CPU
		{503D4E5C-F6EB-4AE1-A7C7-DB7C739F6E81}.Release|x64.ActiveCfg = Release|Any CPU
		{503D4E5C-F6EB-4AE1-A7C7-DB7C739F6E81}.Release|x64.Build.0 = Release|Any CPU
		{503D4E5C-F6EB-4AE1-A7C7-DB7C739F6E81}.Release|x86.ActiveCfg = Release|Any CPU
		{503D4E5C-F6EB-4AE1-A7C7-DB7C739F6E81}.Release|x86.Build.0 = Release|Any CPU
		{EFCBC103-5A40-4218-B58B-6D8E692695F9}.Debug|Any CPU.ActiveCfg = Debug|Any CPU
		{EFCBC103-5A40-4218-B58B-6D8E692695F9}.Debug|Any CPU.Build.0 = Debug|Any CPU
		{EFCBC103-5A40-4218-B58B-6D8E692695F9}.Debug|x64.ActiveCfg = Debug|Any CPU
		{EFCBC103-5A40-4218-B58B-6D8E692695F9}.Debug|x64.Build.0 = Debug|Any CPU
		{EFCBC103-5A40-4218-B58B-6D8E692695F9}.Debug|x86.ActiveCfg = Debug|Any CPU
		{EFCBC103-5A40-4218-B58B-6D8E692695F9}.Debug|x86.Build.0 = Debug|Any CPU
		{EFCBC103-5A40-4218-B58B-6D8E692695F9}.Release|Any CPU.ActiveCfg = Release|Any CPU
		{EFCBC103-5A40-4218-B58B-6D8E692695F9}.Release|Any CPU.Build.0 = Release|Any CPU
		{EFCBC103-5A40-4218-B58B-6D8E692695F9}.Release|x64.ActiveCfg = Release|Any CPU
		{EFCBC103-5A40-4218-B58B-6D8E692695F9}.Release|x64.Build.0 = Release|Any CPU
		{EFCBC103-5A40-4218-B58B-6D8E692695F9}.Release|x86.ActiveCfg = Release|Any CPU
		{EFCBC103-5A40-4218-B58B-6D8E692695F9}.Release|x86.Build.0 = Release|Any CPU
	EndGlobalSection
EndGlobal
